<?xml version="1.0" encoding="utf-8"?>
<Project ToolsVersion="4.0" xmlns="http://schemas.microsoft.com/developer/msbuild/2003">
  <ItemGroup>
    <Filter Include="header">
      <UniqueIdentifier>{b59141e2-70ec-4631-96d2-29d30780a342}</UniqueIdentifier>
    </Filter>
    <Filter Include="source">
      <UniqueIdentifier>{67c90a5a-9139-449e-8ef5-5365da0bf7cc}</UniqueIdentifier>
    </Filter>
  </ItemGroup>
  <ItemGroup>
    <ClCompile Include="Lex.cpp">
      <Filter>source</Filter>
    </ClCompile>
    <ClCompile Include="main.cpp">
      <Filter>source</Filter>
    </ClCompile>
    <ClCompile Include="File.cpp">
      <Filter>source</Filter>
    </ClCompile>
    <ClCompile Include="BPLException.cpp">
      <Filter>source</Filter>
    </ClCompile>
  </ItemGroup>
  <ItemGroup>
    <ClInclude Include="Lex.h">
      <Filter>header</Filter>
    </ClInclude>
    <ClInclude Include="File.h">
      <Filter>header</Filter>
    </ClInclude>
    <ClInclude Include="BPLException.h">
      <Filter>header</Filter>
    </ClInclude>
  </ItemGroup>
</Project>